
Microsoft Visual Studio Solution File, Format Version 12.00
# Visual Studio Version 17
VisualStudioVersion = 17.0.31903.59
MinimumVisualStudioVersion = 10.0.40219.1
Project("{9A19103F-16F7-4668-BE54-9A1E7A4F7556}") = "oldSky", "WpfApp1\oldSky.csproj", "{A0579C64-1CD7-49F2-B17A-74870A68D64D}"
EndProject
Global
	GlobalSection(SolutionConfigurationPlatforms) = preSolution
		Debug|Any CPU = Debug|Any CPU
		Release|Any CPU = Release|Any CPU
	EndGlobalSection
	GlobalSection(ProjectConfigurationPlatforms) = postSolution
		{A0579C64-1CD7-49F2-B17A-74870A68D64D}.Debug|Any CPU.ActiveCfg = Debug|Any CPU
		{A0579C64-1CD7-49F2-B17A-74870A68D64D}.Debug|Any CPU.Build.0 = Debug|Any CPU
		{A0579C64-1CD7-49F2-B17A-74870A68D64D}.Release|Any CPU.ActiveCfg = Release|Any CPU
		{A0579C64-1CD7-49F2-B17A-74870A68D64D}.Release|Any CPU.Build.0 = Release|Any CPU
	EndGlobalSection
	GlobalSection(SolutionProperties) = preSolution
		HideSolutionNode = FALSE
	EndGlobalSection
	GlobalSection(ExtensibilityGlobals) = postSolution
		SolutionGuid = {7A17EC90-D6D7-4A0C-8E3C-7F3721D99A25}
	EndGlobalSection
EndGlobal
